
Microsoft Visual Studio Solution File, Format Version 12.00
# Visual Studio 15
VisualStudioVersion = 15.0.28307.2092
MinimumVisualStudioVersion = 10.0.40219.1
Project("{8BC9CEB8-8B4A-11D0-8D11-00A0C91BC942}") = "15.02.23", "15.02.23\15.02.23.vcxproj", "{FB70B346-52D3-4AD5-B1D0-A798D89E6AB7}"
EndProject
Global
	GlobalSection(SolutionConfigurationPlatforms) = preSolution
		Debug|x64 = Debug|x64
		Debug|x86 = Debug|x86
		Release|x64 = Release|x64
		Release|x86 = Release|x86
	EndGlobalSection
	GlobalSection(ProjectConfigurationPlatforms) = postSolution
		{FB70B346-52D3-4AD5-B1D0-A798D89E6AB7}.Debug|x64.ActiveCfg = Debug|x64
		{FB70B346-52D3-4AD5-B1D0-A798D89E6AB7}.Debug|x64.Build.0 = Debug|x64
		{FB70B346-52D3-4AD5-B1D0-A798D89E6AB7}.Debug|x86.ActiveCfg = Debug|Win32
		{FB70B346-52D3-4AD5-B1D0-A798D89E6AB7}.Debug|x86.Build.0 = Debug|Win32
		{FB70B346-52D3-4AD5-B1D0-A798D89E6AB7}.Release|x64.ActiveCfg = Release|x64
		{FB70B346-52D3-4AD5-B1D0-A798D89E6AB7}.Release|x64.Build.0 = Release|x64
		{FB70B346-52D3-4AD5-B1D0-A798D89E6AB7}.Release|x86.ActiveCfg = Release|Win32
		{FB70B346-52D3-4AD5-B1D0-A798D89E6AB7}.Release|x86.Build.0 = Release|Win32
	EndGlobalSection
	GlobalSection(SolutionProperties) = preSolution
		HideSolutionNode = FALSE
	EndGlobalSection
	GlobalSection(ExtensibilityGlobals) = postSolution
		SolutionGuid = {91E7D055-7997-4E51-84E1-11994F6CC37B}
	EndGlobalSection
EndGlobal
